// !$*UTF8*$!
{
	archiveVersion = 1;
	classes = {
	};
	objectVersion = 56;
	objects = {

/* Begin PBXBuildFile section */
		7684F8B62A22EE2F0031B404 /* CBridge in Resources */ = {isa = PBXBuildFile; fileRef = 7684F8B52A22EE2F0031B404 /* CBridge */; };
		7684F8B92A22EE4D0031B404 /* SupportNSTouchBar.swift in Sources */ = {isa = PBXBuildFile; fileRef = 7684F8B72A22EE4D0031B404 /* SupportNSTouchBar.swift */; };
		7684F8BA2A22EE4D0031B404 /* SupportHelpers.swift in Sources */ = {isa = PBXBuildFile; fileRef = 7684F8B82A22EE4D0031B404 /* SupportHelpers.swift */; };
		7684F8BC2A22F58B0031B404 /* GeneralExtensions.swift in Sources */ = {isa = PBXBuildFile; fileRef = 7684F8BB2A22F58B0031B404 /* GeneralExtensions.swift */; };
		7684F8BE2A22F7420031B404 /* MouseKey.swift in Sources */ = {isa = PBXBuildFile; fileRef = 7684F8BD2A22F7420031B404 /* MouseKey.swift */; };
		76BC7ED82A1CD2B80096747F /* AppDelegate.swift in Sources */ = {isa = PBXBuildFile; fileRef = 76BC7ED72A1CD2B80096747F /* AppDelegate.swift */; };
		76BC7EDA2A1CD2B80096747F /* ViewController.swift in Sources */ = {isa = PBXBuildFile; fileRef = 76BC7ED92A1CD2B80096747F /* ViewController.swift */; };
		76BC7EDD2A1CD2B80096747F /* TouchBarScreenNavigator.xcdatamodeld in Sources */ = {isa = PBXBuildFile; fileRef = 76BC7EDB2A1CD2B80096747F /* TouchBarScreenNavigator.xcdatamodeld */; };
		76BC7EDF2A1CD2B90096747F /* Assets.xcassets in Resources */ = {isa = PBXBuildFile; fileRef = 76BC7EDE2A1CD2B90096747F /* Assets.xcassets */; };
		76BC7EE22A1CD2B90096747F /* Main.storyboard in Resources */ = {isa = PBXBuildFile; fileRef = 76BC7EE02A1CD2B90096747F /* Main.storyboard */; };
		76BC7EED2A1CD2BA0096747F /* TouchBarScreenNavigatorTests.swift in Sources */ = {isa = PBXBuildFile; fileRef = 76BC7EEC2A1CD2BA0096747F /* TouchBarScreenNavigatorTests.swift */; };
		76BC7EF72A1CD2BA0096747F /* TouchBarScreenNavigatorUITests.swift in Sources */ = {isa = PBXBuildFile; fileRef = 76BC7EF62A1CD2BA0096747F /* TouchBarScreenNavigatorUITests.swift */; };
		76BC7EF92A1CD2BA0096747F /* TouchBarScreenNavigatorUITestsLaunchTests.swift in Sources */ = {isa = PBXBuildFile; fileRef = 76BC7EF82A1CD2BA0096747F /* TouchBarScreenNavigatorUITestsLaunchTests.swift */; };
		76D387F72A1CD63C00A96E40 /* TouchScreenController.swift in Sources */ = {isa = PBXBuildFile; fileRef = 76D387F62A1CD63C00A96E40 /* TouchScreenController.swift */; };
		76DEFD9C2A1E482000DAE680 /* HotKey in Frameworks */ = {isa = PBXBuildFile; productRef = 76DEFD9B2A1E482000DAE680 /* HotKey */; };
		76E879912A222EB300074E41 /* ScrollViewWithEvent.swift in Sources */ = {isa = PBXBuildFile; fileRef = 76E879902A222EB300074E41 /* ScrollViewWithEvent.swift */; };
/* End PBXBuildFile section */

/* Begin PBXContainerItemProxy section */
		76BC7EE92A1CD2BA0096747F /* PBXContainerItemProxy */ = {
			isa = PBXContainerItemProxy;
			containerPortal = 76BC7ECC2A1CD2B80096747F /* Project object */;
			proxyType = 1;
			remoteGlobalIDString = 76BC7ED32A1CD2B80096747F;
			remoteInfo = TouchBarScreenNavigator;
		};
		76BC7EF32A1CD2BA0096747F /* PBXContainerItemProxy */ = {
			isa = PBXContainerItemProxy;
			containerPortal = 76BC7ECC2A1CD2B80096747F /* Project object */;
			proxyType = 1;
			remoteGlobalIDString = 76BC7ED32A1CD2B80096747F;
			remoteInfo = TouchBarScreenNavigator;
		};
/* End PBXContainerItemProxy section */

/* Begin PBXFileReference section */
		7684F8B52A22EE2F0031B404 /* CBridge */ = {isa = PBXFileReference; lastKnownFileType = folder; path = CBridge; sourceTree = "<group>"; };
		7684F8B72A22EE4D0031B404 /* SupportNSTouchBar.swift */ = {isa = PBXFileReference; fileEncoding = 4; lastKnownFileType = sourcecode.swift; path = SupportNSTouchBar.swift; sourceTree = "<group>"; };
		7684F8B82A22EE4D0031B404 /* SupportHelpers.swift */ = {isa = PBXFileReference; fileEncoding = 4; lastKnownFileType = sourcecode.swift; path = SupportHelpers.swift; sourceTree = "<group>"; };
		7684F8BB2A22F58B0031B404 /* GeneralExtensions.swift */ = {isa = PBXFileReference; fileEncoding = 4; lastKnownFileType = sourcecode.swift; path = GeneralExtensions.swift; sourceTree = "<group>"; };
		7684F8BD2A22F7420031B404 /* MouseKey.swift */ = {isa = PBXFileReference; lastKnownFileType = sourcecode.swift; path = MouseKey.swift; sourceTree = "<group>"; };
		76BC7ED42A1CD2B80096747F /* TouchBarScreenNavigator.app */ = {isa = PBXFileReference; explicitFileType = wrapper.application; includeInIndex = 0; path = TouchBarScreenNavigator.app; sourceTree = BUILT_PRODUCTS_DIR; };
		76BC7ED72A1CD2B80096747F /* AppDelegate.swift */ = {isa = PBXFileReference; lastKnownFileType = sourcecode.swift; path = AppDelegate.swift; sourceTree = "<group>"; };
		76BC7ED92A1CD2B80096747F /* ViewController.swift */ = {isa = PBXFileReference; lastKnownFileType = sourcecode.swift; path = ViewController.swift; sourceTree = "<group>"; };
		76BC7EDC2A1CD2B80096747F /* TouchBarScreenNavigator.xcdatamodel */ = {isa = PBXFileReference; lastKnownFileType = wrapper.xcdatamodel; path = TouchBarScreenNavigator.xcdatamodel; sourceTree = "<group>"; };
		76BC7EDE2A1CD2B90096747F /* Assets.xcassets */ = {isa = PBXFileReference; lastKnownFileType = folder.assetcatalog; path = Assets.xcassets; sourceTree = "<group>"; };
		76BC7EE12A1CD2B90096747F /* Base */ = {isa = PBXFileReference; lastKnownFileType = file.storyboard; name = Base; path = Base.lproj/Main.storyboard; sourceTree = "<group>"; };
		76BC7EE32A1CD2B90096747F /* TouchBarScreenNavigator.entitlements */ = {isa = PBXFileReference; lastKnownFileType = text.plist.entitlements; path = TouchBarScreenNavigator.entitlements; sourceTree = "<group>"; };
		76BC7EE82A1CD2BA0096747F /* TouchBarScreenNavigatorTests.xctest */ = {isa = PBXFileReference; explicitFileType = wrapper.cfbundle; includeInIndex = 0; path = TouchBarScreenNavigatorTests.xctest; sourceTree = BUILT_PRODUCTS_DIR; };
		76BC7EEC2A1CD2BA0096747F /* TouchBarScreenNavigatorTests.swift */ = {isa = PBXFileReference; lastKnownFileType = sourcecode.swift; path = TouchBarScreenNavigatorTests.swift; sourceTree = "<group>"; };
		76BC7EF22A1CD2BA0096747F /* TouchBarScreenNavigatorUITests.xctest */ = {isa = PBXFileReference; explicitFileType = wrapper.cfbundle; includeInIndex = 0; path = TouchBarScreenNavigatorUITests.xctest; sourceTree = BUILT_PRODUCTS_DIR; };
		76BC7EF62A1CD2BA0096747F /* TouchBarScreenNavigatorUITests.swift */ = {isa = PBXFileReference; lastKnownFileType = sourcecode.swift; path = TouchBarScreenNavigatorUITests.swift; sourceTree = "<group>"; };
		76BC7EF82A1CD2BA0096747F /* TouchBarScreenNavigatorUITestsLaunchTests.swift */ = {isa = PBXFileReference; lastKnownFileType = sourcecode.swift; path = TouchBarScreenNavigatorUITestsLaunchTests.swift; sourceTree = "<group>"; };
		76D387F62A1CD63C00A96E40 /* TouchScreenController.swift */ = {isa = PBXFileReference; lastKnownFileType = sourcecode.swift; path = TouchScreenController.swift; sourceTree = "<group>"; };
		76E879902A222EB300074E41 /* ScrollViewWithEvent.swift */ = {isa = PBXFileReference; lastKnownFileType = sourcecode.swift; path = ScrollViewWithEvent.swift; sourceTree = "<group>"; };
/* End PBXFileReference section */

/* Begin PBXFrameworksBuildPhase section */
		76BC7ED12A1CD2B80096747F /* Frameworks */ = {
			isa = PBXFrameworksBuildPhase;
			buildActionMask = 2147483647;
			files = (
				76DEFD9C2A1E482000DAE680 /* HotKey in Frameworks */,
			);
			runOnlyForDeploymentPostprocessing = 0;
		};
		76BC7EE52A1CD2BA0096747F /* Frameworks */ = {
			isa = PBXFrameworksBuildPhase;
			buildActionMask = 2147483647;
			files = (
			);
			runOnlyForDeploymentPostprocessing = 0;
		};
		76BC7EEF2A1CD2BA0096747F /* Frameworks */ = {
			isa = PBXFrameworksBuildPhase;
			buildActionMask = 2147483647;
			files = (
			);
			runOnlyForDeploymentPostprocessing = 0;
		};
/* End PBXFrameworksBuildPhase section */

/* Begin PBXGroup section */
		76BC7ECB2A1CD2B80096747F = {
			isa = PBXGroup;
			children = (
				76BC7ED62A1CD2B80096747F /* TouchBarScreenNavigator */,
				76BC7EEB2A1CD2BA0096747F /* TouchBarScreenNavigatorTests */,
				76BC7EF52A1CD2BA0096747F /* TouchBarScreenNavigatorUITests */,
				76BC7ED52A1CD2B80096747F /* Products */,
			);
			sourceTree = "<group>";
		};
		76BC7ED52A1CD2B80096747F /* Products */ = {
			isa = PBXGroup;
			children = (
				76BC7ED42A1CD2B80096747F /* TouchBarScreenNavigator.app */,
				76BC7EE82A1CD2BA0096747F /* TouchBarScreenNavigatorTests.xctest */,
				76BC7EF22A1CD2BA0096747F /* TouchBarScreenNavigatorUITests.xctest */,
			);
			name = Products;
			sourceTree = "<group>";
		};
		76BC7ED62A1CD2B80096747F /* TouchBarScreenNavigator */ = {
			isa = PBXGroup;
			children = (
				76BC7ED72A1CD2B80096747F /* AppDelegate.swift */,
				7684F8B82A22EE4D0031B404 /* SupportHelpers.swift */,
				7684F8B72A22EE4D0031B404 /* SupportNSTouchBar.swift */,
				7684F8B52A22EE2F0031B404 /* CBridge */,
				76BC7ED92A1CD2B80096747F /* ViewController.swift */,
				76E879902A222EB300074E41 /* ScrollViewWithEvent.swift */,
				76D387F62A1CD63C00A96E40 /* TouchScreenController.swift */,
				7684F8BD2A22F7420031B404 /* MouseKey.swift */,
				76BC7EDE2A1CD2B90096747F /* Assets.xcassets */,
				76BC7EE02A1CD2B90096747F /* Main.storyboard */,
				7684F8BB2A22F58B0031B404 /* GeneralExtensions.swift */,
				76BC7EE32A1CD2B90096747F /* TouchBarScreenNavigator.entitlements */,
				76BC7EDB2A1CD2B80096747F /* TouchBarScreenNavigator.xcdatamodeld */,
			);
			path = TouchBarScreenNavigator;
			sourceTree = "<group>";
		};
		76BC7EEB2A1CD2BA0096747F /* TouchBarScreenNavigatorTests */ = {
			isa = PBXGroup;
			children = (
				76BC7EEC2A1CD2BA0096747F /* TouchBarScreenNavigatorTests.swift */,
			);
			path = TouchBarScreenNavigatorTests;
			sourceTree = "<group>";
		};
		76BC7EF52A1CD2BA0096747F /* TouchBarScreenNavigatorUITests */ = {
			isa = PBXGroup;
			children = (
				76BC7EF62A1CD2BA0096747F /* TouchBarScreenNavigatorUITests.swift */,
				76BC7EF82A1CD2BA0096747F /* TouchBarScreenNavigatorUITestsLaunchTests.swift */,
			);
			path = TouchBarScreenNavigatorUITests;
			sourceTree = "<group>";
		};
/* End PBXGroup section */

/* Begin PBXNativeTarget section */
		76BC7ED32A1CD2B80096747F /* TouchBarScreenNavigator */ = {
			isa = PBXNativeTarget;
			buildConfigurationList = 76BC7EFC2A1CD2BA0096747F /* Build configuration list for PBXNativeTarget "TouchBarScreenNavigator" */;
			buildPhases = (
				76BC7ED02A1CD2B80096747F /* Sources */,
				76BC7ED12A1CD2B80096747F /* Frameworks */,
				76BC7ED22A1CD2B80096747F /* Resources */,
			);
			buildRules = (
			);
			dependencies = (
			);
			name = TouchBarScreenNavigator;
			packageProductDependencies = (
				76DEFD9B2A1E482000DAE680 /* HotKey */,
			);
			productName = TouchBarScreenNavigator;
			productReference = 76BC7ED42A1CD2B80096747F /* TouchBarScreenNavigator.app */;
			productType = "com.apple.product-type.application";
		};
		76BC7EE72A1CD2BA0096747F /* TouchBarScreenNavigatorTests */ = {
			isa = PBXNativeTarget;
			buildConfigurationList = 76BC7EFF2A1CD2BA0096747F /* Build configuration list for PBXNativeTarget "TouchBarScreenNavigatorTests" */;
			buildPhases = (
				76BC7EE42A1CD2BA0096747F /* Sources */,
				76BC7EE52A1CD2BA0096747F /* Frameworks */,
				76BC7EE62A1CD2BA0096747F /* Resources */,
			);
			buildRules = (
			);
			dependencies = (
				76BC7EEA2A1CD2BA0096747F /* PBXTargetDependency */,
			);
			name = TouchBarScreenNavigatorTests;
			productName = TouchBarScreenNavigatorTests;
			productReference = 76BC7EE82A1CD2BA0096747F /* TouchBarScreenNavigatorTests.xctest */;
			productType = "com.apple.product-type.bundle.unit-test";
		};
		76BC7EF12A1CD2BA0096747F /* TouchBarScreenNavigatorUITests */ = {
			isa = PBXNativeTarget;
			buildConfigurationList = 76BC7F022A1CD2BA0096747F /* Build configuration list for PBXNativeTarget "TouchBarScreenNavigatorUITests" */;
			buildPhases = (
				76BC7EEE2A1CD2BA0096747F /* Sources */,
				76BC7EEF2A1CD2BA0096747F /* Frameworks */,
				76BC7EF02A1CD2BA0096747F /* Resources */,
			);
			buildRules = (
			);
			dependencies = (
				76BC7EF42A1CD2BA0096747F /* PBXTargetDependency */,
			);
			name = TouchBarScreenNavigatorUITests;
			productName = TouchBarScreenNavigatorUITests;
			productReference = 76BC7EF22A1CD2BA0096747F /* TouchBarScreenNavigatorUITests.xctest */;
			productType = "com.apple.product-type.bundle.ui-testing";
		};
/* End PBXNativeTarget section */

/* Begin PBXProject section */
		76BC7ECC2A1CD2B80096747F /* Project object */ = {
			isa = PBXProject;
			attributes = {
				BuildIndependentTargetsInParallel = 1;
				LastSwiftUpdateCheck = 1430;
				LastUpgradeCheck = 1430;
				TargetAttributes = {
					76BC7ED32A1CD2B80096747F = {
						CreatedOnToolsVersion = 14.3;
					};
					76BC7EE72A1CD2BA0096747F = {
						CreatedOnToolsVersion = 14.3;
						TestTargetID = 76BC7ED32A1CD2B80096747F;
					};
					76BC7EF12A1CD2BA0096747F = {
						CreatedOnToolsVersion = 14.3;
						TestTargetID = 76BC7ED32A1CD2B80096747F;
					};
				};
			};
			buildConfigurationList = 76BC7ECF2A1CD2B80096747F /* Build configuration list for PBXProject "TouchBarScreenNavigator" */;
			compatibilityVersion = "Xcode 14.0";
			developmentRegion = en;
			hasScannedForEncodings = 0;
			knownRegions = (
				en,
				Base,
			);
			mainGroup = 76BC7ECB2A1CD2B80096747F;
			packageReferences = (
				76DEFD9A2A1E482000DAE680 /* XCRemoteSwiftPackageReference "HotKey" */,
			);
			productRefGroup = 76BC7ED52A1CD2B80096747F /* Products */;
			projectDirPath = "";
			projectRoot = "";
			targets = (
				76BC7ED32A1CD2B80096747F /* TouchBarScreenNavigator */,
				76BC7EE72A1CD2BA0096747F /* TouchBarScreenNavigatorTests */,
				76BC7EF12A1CD2BA0096747F /* TouchBarScreenNavigatorUITests */,
			);
		};
/* End PBXProject section */

/* Begin PBXResourcesBuildPhase section */
		76BC7ED22A1CD2B80096747F /* Resources */ = {
			isa = PBXResourcesBuildPhase;
			buildActionMask = 2147483647;
			files = (
				7684F8B62A22EE2F0031B404 /* CBridge in Resources */,
				76BC7EDF2A1CD2B90096747F /* Assets.xcassets in Resources */,
				76BC7EE22A1CD2B90096747F /* Main.storyboard in Resources */,
			);
			runOnlyForDeploymentPostprocessing = 0;
		};
		76BC7EE62A1CD2BA0096747F /* Resources */ = {
			isa = PBXResourcesBuildPhase;
			buildActionMask = 2147483647;
			files = (
			);
			runOnlyForDeploymentPostprocessing = 0;
		};
		76BC7EF02A1CD2BA0096747F /* Resources */ = {
			isa = PBXResourcesBuildPhase;
			buildActionMask = 2147483647;
			files = (
			);
			runOnlyForDeploymentPostprocessing = 0;
		};
/* End PBXResourcesBuildPhase section */

/* Begin PBXSourcesBuildPhase section */
		76BC7ED02A1CD2B80096747F /* Sources */ = {
			isa = PBXSourcesBuildPhase;
			buildActionMask = 2147483647;
			files = (
				7684F8BC2A22F58B0031B404 /* GeneralExtensions.swift in Sources */,
				76BC7EDA2A1CD2B80096747F /* ViewController.swift in Sources */,
				7684F8BE2A22F7420031B404 /* MouseKey.swift in Sources */,
				76E879912A222EB300074E41 /* ScrollViewWithEvent.swift in Sources */,
				76D387F72A1CD63C00A96E40 /* TouchScreenController.swift in Sources */,
				76BC7ED82A1CD2B80096747F /* AppDelegate.swift in Sources */,
				7684F8B92A22EE4D0031B404 /* SupportNSTouchBar.swift in Sources */,
				7684F8BA2A22EE4D0031B404 /* SupportHelpers.swift in Sources */,
				76BC7EDD2A1CD2B80096747F /* TouchBarScreenNavigator.xcdatamodeld in Sources */,
			);
			runOnlyForDeploymentPostprocessing = 0;
		};
		76BC7EE42A1CD2BA0096747F /* Sources */ = {
			isa = PBXSourcesBuildPhase;
			buildActionMask = 2147483647;
			files = (
				76BC7EED2A1CD2BA0096747F /* TouchBarScreenNavigatorTests.swift in Sources */,
			);
			runOnlyForDeploymentPostprocessing = 0;
		};
		76BC7EEE2A1CD2BA0096747F /* Sources */ = {
			isa = PBXSourcesBuildPhase;
			buildActionMask = 2147483647;
			files = (
				76BC7EF92A1CD2BA0096747F /* TouchBarScreenNavigatorUITestsLaunchTests.swift in Sources */,
				76BC7EF72A1CD2BA0096747F /* TouchBarScreenNavigatorUITests.swift in Sources */,
			);
			runOnlyForDeploymentPostprocessing = 0;
		};
/* End PBXSourcesBuildPhase section */

/* Begin PBXTargetDependency section */
		76BC7EEA2A1CD2BA0096747F /* PBXTargetDependency */ = {
			isa = PBXTargetDependency;
			target = 76BC7ED32A1CD2B80096747F /* TouchBarScreenNavigator */;
			targetProxy = 76BC7EE92A1CD2BA0096747F /* PBXContainerItemProxy */;
		};
		76BC7EF42A1CD2BA0096747F /* PBXTargetDependency */ = {
			isa = PBXTargetDependency;
			target = 76BC7ED32A1CD2B80096747F /* TouchBarScreenNavigator */;
			targetProxy = 76BC7EF32A1CD2BA0096747F /* PBXContainerItemProxy */;
		};
/* End PBXTargetDependency section */

/* Begin PBXVariantGroup section */
		76BC7EE02A1CD2B90096747F /* Main.storyboard */ = {
			isa = PBXVariantGroup;
			children = (
				76BC7EE12A1CD2B90096747F /* Base */,
			);
			name = Main.storyboard;
			sourceTree = "<group>";
		};
/* End PBXVariantGroup section */

/* Begin XCBuildConfiguration section */
		76BC7EFA2A1CD2BA0096747F /* Debug */ = {
			isa = XCBuildConfiguration;
			buildSettings = {
				ALWAYS_SEARCH_USER_PATHS = NO;
				CLANG_ANALYZER_NONNULL = YES;
				CLANG_ANALYZER_NUMBER_OBJECT_CONVERSION = YES_AGGRESSIVE;
				CLANG_CXX_LANGUAGE_STANDARD = "gnu++20";
				CLANG_ENABLE_MODULES = YES;
				CLANG_ENABLE_OBJC_ARC = YES;
				CLANG_ENABLE_OBJC_WEAK = YES;
				CLANG_WARN_BLOCK_CAPTURE_AUTORELEASING = YES;
				CLANG_WARN_BOOL_CONVERSION = YES;
				CLANG_WARN_COMMA = YES;
				CLANG_WARN_CONSTANT_CONVERSION = YES;
				CLANG_WARN_DEPRECATED_OBJC_IMPLEMENTATIONS = YES;
				CLANG_WARN_DIRECT_OBJC_ISA_USAGE = YES_ERROR;
				CLANG_WARN_DOCUMENTATION_COMMENTS = YES;
				CLANG_WARN_EMPTY_BODY = YES;
				CLANG_WARN_ENUM_CONVERSION = YES;
				CLANG_WARN_INFINITE_RECURSION = YES;
				CLANG_WARN_INT_CONVERSION = YES;
				CLANG_WARN_NON_LITERAL_NULL_CONVERSION = YES;
				CLANG_WARN_OBJC_IMPLICIT_RETAIN_SELF = YES;
				CLANG_WARN_OBJC_LITERAL_CONVERSION = YES;
				CLANG_WARN_OBJC_ROOT_CLASS = YES_ERROR;
				CLANG_WARN_QUOTED_INCLUDE_IN_FRAMEWORK_HEADER = YES;
				CLANG_WARN_RANGE_LOOP_ANALYSIS = YES;
				CLANG_WARN_STRICT_PROTOTYPES = YES;
				CLANG_WARN_SUSPICIOUS_MOVE = YES;
				CLANG_WARN_UNGUARDED_AVAILABILITY = YES_AGGRESSIVE;
				CLANG_WARN_UNREACHABLE_CODE = YES;
				CLANG_WARN__DUPLICATE_METHOD_MATCH = YES;
				COPY_PHASE_STRIP = NO;
				DEBUG_INFORMATION_FORMAT = dwarf;
				ENABLE_STRICT_OBJC_MSGSEND = YES;
				ENABLE_TESTABILITY = YES;
				GCC_C_LANGUAGE_STANDARD = gnu11;
				GCC_DYNAMIC_NO_PIC = NO;
				GCC_NO_COMMON_BLOCKS = YES;
				GCC_OPTIMIZATION_LEVEL = 0;
				GCC_PREPROCESSOR_DEFINITIONS = (
					"DEBUG=1",
					"$(inherited)",
				);
				GCC_WARN_64_TO_32_BIT_CONVERSION = YES;
				GCC_WARN_ABOUT_RETURN_TYPE = YES_ERROR;
				GCC_WARN_UNDECLARED_SELECTOR = YES;
				GCC_WARN_UNINITIALIZED_AUTOS = YES_AGGRESSIVE;
				GCC_WARN_UNUSED_FUNCTION = YES;
				GCC_WARN_UNUSED_VARIABLE = YES;
				MACOSX_DEPLOYMENT_TARGET = 13.3;
				MTL_ENABLE_DEBUG_INFO = INCLUDE_SOURCE;
				MTL_FAST_MATH = YES;
				ONLY_ACTIVE_ARCH = YES;
				SDKROOT = macosx;
				SWIFT_ACTIVE_COMPILATION_CONDITIONS = DEBUG;
				SWIFT_OPTIMIZATION_LEVEL = "-Onone";
			};
			name = Debug;
		};
		76BC7EFB2A1CD2BA0096747F /* Release */ = {
			isa = XCBuildConfiguration;
			buildSettings = {
				ALWAYS_SEARCH_USER_PATHS = NO;
				CLANG_ANALYZER_NONNULL = YES;
				CLANG_ANALYZER_NUMBER_OBJECT_CONVERSION = YES_AGGRESSIVE;
				CLANG_CXX_LANGUAGE_STANDARD = "gnu++20";
				CLANG_ENABLE_MODULES = YES;
				CLANG_ENABLE_OBJC_ARC = YES;
				CLANG_ENABLE_OBJC_WEAK = YES;
				CLANG_WARN_BLOCK_CAPTURE_AUTORELEASING = YES;
				CLANG_WARN_BOOL_CONVERSION = YES;
				CLANG_WARN_COMMA = YES;
				CLANG_WARN_CONSTANT_CONVERSION = YES;
				CLANG_WARN_DEPRECATED_OBJC_IMPLEMENTATIONS = YES;
				CLANG_WARN_DIRECT_OBJC_ISA_USAGE = YES_ERROR;
				CLANG_WARN_DOCUMENTATION_COMMENTS = YES;
				CLANG_WARN_EMPTY_BODY = YES;
				CLANG_WARN_ENUM_CONVERSION = YES;
				CLANG_WARN_INFINITE_RECURSION = YES;
				CLANG_WARN_INT_CONVERSION = YES;
				CLANG_WARN_NON_LITERAL_NULL_CONVERSION = YES;
				CLANG_WARN_OBJC_IMPLICIT_RETAIN_SELF = YES;
				CLANG_WARN_OBJC_LITERAL_CONVERSION = YES;
				CLANG_WARN_OBJC_ROOT_CLASS = YES_ERROR;
				CLANG_WARN_QUOTED_INCLUDE_IN_FRAMEWORK_HEADER = YES;
				CLANG_WARN_RANGE_LOOP_ANALYSIS = YES;
				CLANG_WARN_STRICT_PROTOTYPES = YES;
				CLANG_WARN_SUSPICIOUS_MOVE = YES;
				CLANG_WARN_UNGUARDED_AVAILABILITY = YES_AGGRESSIVE;
				CLANG_WARN_UNREACHABLE_CODE = YES;
				CLANG_WARN__DUPLICATE_METHOD_MATCH = YES;
				COPY_PHASE_STRIP = NO;
				DEBUG_INFORMATION_FORMAT = "dwarf-with-dsym";
				ENABLE_NS_ASSERTIONS = NO;
				ENABLE_STRICT_OBJC_MSGSEND = YES;
				GCC_C_LANGUAGE_STANDARD = gnu11;
				GCC_NO_COMMON_BLOCKS = YES;
				GCC_WARN_64_TO_32_BIT_CONVERSION = YES;
				GCC_WARN_ABOUT_RETURN_TYPE = YES_ERROR;
				GCC_WARN_UNDECLARED_SELECTOR = YES;
				GCC_WARN_UNINITIALIZED_AUTOS = YES_AGGRESSIVE;
				GCC_WARN_UNUSED_FUNCTION = YES;
				GCC_WARN_UNUSED_VARIABLE = YES;
				MACOSX_DEPLOYMENT_TARGET = 13.3;
				MTL_ENABLE_DEBUG_INFO = NO;
				MTL_FAST_MATH = YES;
				SDKROOT = macosx;
				SWIFT_COMPILATION_MODE = wholemodule;
				SWIFT_OPTIMIZATION_LEVEL = "-O";
			};
			name = Release;
		};
		76BC7EFD2A1CD2BA0096747F /* Debug */ = {
			isa = XCBuildConfiguration;
			buildSettings = {
				ASSETCATALOG_COMPILER_APPICON_NAME = AppIcon;
				ASSETCATALOG_COMPILER_GLOBAL_ACCENT_COLOR_NAME = AccentColor;
				CODE_SIGN_ENTITLEMENTS = TouchBarScreenNavigator/TouchBarScreenNavigator.entitlements;
				CODE_SIGN_STYLE = Automatic;
				COMBINE_HIDPI_IMAGES = YES;
				CURRENT_PROJECT_VERSION = 1;
				DEVELOPMENT_TEAM = M9PZ7EBU47;
				ENABLE_HARDENED_RUNTIME = YES;
				GENERATE_INFOPLIST_FILE = YES;
				INFOPLIST_KEY_NSHumanReadableCopyright = "";
				INFOPLIST_KEY_NSMainStoryboardFile = Main;
				INFOPLIST_KEY_NSPrincipalClass = NSApplication;
				LD_RUNPATH_SEARCH_PATHS = (
					"$(inherited)",
					"@executable_path/../Frameworks",
				);
				MARKETING_VERSION = 1.0;
				PRODUCT_BUNDLE_IDENTIFIER = me.iosmatrix.TouchBarScreenNavigator;
				PRODUCT_NAME = "$(TARGET_NAME)";
				SWIFT_EMIT_LOC_STRINGS = YES;
				SWIFT_OBJC_BRIDGING_HEADER = "TouchBarScreenNavigator/CBridge/TouchBarPrivateApi-Bridging.h";
				SWIFT_VERSION = 5.0;
			};
			name = Debug;
		};
		76BC7EFE2A1CD2BA0096747F /* Release */ = {
			isa = XCBuildConfiguration;
			buildSettings = {
				ASSETCATALOG_COMPILER_APPICON_NAME = AppIcon;
				ASSETCATALOG_COMPILER_GLOBAL_ACCENT_COLOR_NAME = AccentColor;
				CODE_SIGN_ENTITLEMENTS = TouchBarScreenNavigator/TouchBarScreenNavigator.entitlements;
				CODE_SIGN_STYLE = Automatic;
				COMBINE_HIDPI_IMAGES = YES;
				CURRENT_PROJECT_VERSION = 1;
				DEVELOPMENT_TEAM = M9PZ7EBU47;
				ENABLE_HARDENED_RUNTIME = YES;
				GENERATE_INFOPLIST_FILE = YES;
				INFOPLIST_KEY_NSHumanReadableCopyright = "";
				INFOPLIST_KEY_NSMainStoryboardFile = Main;
				INFOPLIST_KEY_NSPrincipalClass = NSApplication;
				LD_RUNPATH_SEARCH_PATHS = (
					"$(inherited)",
					"@executable_path/../Frameworks",
				);
				MARKETING_VERSION = 1.0;
				PRODUCT_BUNDLE_IDENTIFIER = me.iosmatrix.TouchBarScreenNavigator;
				PRODUCT_NAME = "$(TARGET_NAME)";
				SWIFT_EMIT_LOC_STRINGS = YES;
				SWIFT_OBJC_BRIDGING_HEADER = "TouchBarScreenNavigator/CBridge/TouchBarPrivateApi-Bridging.h";
				SWIFT_VERSION = 5.0;
			};
			name = Release;
		};
		76BC7F002A1CD2BA0096747F /* Debug */ = {
			isa = XCBuildConfiguration;
			buildSettings = {
				ALWAYS_EMBED_SWIFT_STANDARD_LIBRARIES = YES;
				BUNDLE_LOADER = "$(TEST_HOST)";
				CODE_SIGN_STYLE = Automatic;
				CURRENT_PROJECT_VERSION = 1;
				DEVELOPMENT_TEAM = M9PZ7EBU47;
				GENERATE_INFOPLIST_FILE = YES;
				MACOSX_DEPLOYMENT_TARGET = 13.3;
				MARKETING_VERSION = 1.0;
				PRODUCT_BUNDLE_IDENTIFIER = me.iosmatrix.TouchBarScreenNavigatorTests;
				PRODUCT_NAME = "$(TARGET_NAME)";
				SWIFT_EMIT_LOC_STRINGS = NO;
				SWIFT_VERSION = 5.0;
				TEST_HOST = "$(BUILT_PRODUCTS_DIR)/TouchBarScreenNavigator.app/$(BUNDLE_EXECUTABLE_FOLDER_PATH)/TouchBarScreenNavigator";
			};
			name = Debug;
		};
		76BC7F012A1CD2BA0096747F /* Release */ = {
			isa = XCBuildConfiguration;
			buildSettings = {
				ALWAYS_EMBED_SWIFT_STANDARD_LIBRARIES = YES;
				BUNDLE_LOADER = "$(TEST_HOST)";
				CODE_SIGN_STYLE = Automatic;
				CURRENT_PROJECT_VERSION = 1;
				DEVELOPMENT_TEAM = M9PZ7EBU47;
				GENERATE_INFOPLIST_FILE = YES;
				MACOSX_DEPLOYMENT_TARGET = 13.3;
				MARKETING_VERSION = 1.0;
				PRODUCT_BUNDLE_IDENTIFIER = me.iosmatrix.TouchBarScreenNavigatorTests;
				PRODUCT_NAME = "$(TARGET_NAME)";
				SWIFT_EMIT_LOC_STRINGS = NO;
				SWIFT_VERSION = 5.0;
				TEST_HOST = "$(BUILT_PRODUCTS_DIR)/TouchBarScreenNavigator.app/$(BUNDLE_EXECUTABLE_FOLDER_PATH)/TouchBarScreenNavigator";
			};
			name = Release;
		};
		76BC7F032A1CD2BA0096747F /* Debug */ = {
			isa = XCBuildConfiguration;
			buildSettings = {
				ALWAYS_EMBED_SWIFT_STANDARD_LIBRARIES = YES;
				CODE_SIGN_STYLE = Automatic;
				CURRENT_PROJECT_VERSION = 1;
				DEVELOPMENT_TEAM = M9PZ7EBU47;
				GENERATE_INFOPLIST_FILE = YES;
				MARKETING_VERSION = 1.0;
				PRODUCT_BUNDLE_IDENTIFIER = me.iosmatrix.TouchBarScreenNavigatorUITests;
				PRODUCT_NAME = "$(TARGET_NAME)";
				SWIFT_EMIT_LOC_STRINGS = NO;
				SWIFT_VERSION = 5.0;
				TEST_TARGET_NAME = TouchBarScreenNavigator;
			};
			name = Debug;
		};
		76BC7F042A1CD2BA0096747F /* Release */ = {
			isa = XCBuildConfiguration;
			buildSettings = {
				ALWAYS_EMBED_SWIFT_STANDARD_LIBRARIES = YES;
				CODE_SIGN_STYLE = Automatic;
				CURRENT_PROJECT_VERSION = 1;
				DEVELOPMENT_TEAM = M9PZ7EBU47;
				GENERATE_INFOPLIST_FILE = YES;
				MARKETING_VERSION = 1.0;
				PRODUCT_BUNDLE_IDENTIFIER = me.iosmatrix.TouchBarScreenNavigatorUITests;
				PRODUCT_NAME = "$(TARGET_NAME)";
				SWIFT_EMIT_LOC_STRINGS = NO;
				SWIFT_VERSION = 5.0;
				TEST_TARGET_NAME = TouchBarScreenNavigator;
			};
			name = Release;
		};
/* End XCBuildConfiguration section */

/* Begin XCConfigurationList section */
		76BC7ECF2A1CD2B80096747F /* Build configuration list for PBXProject "TouchBarScreenNavigator" */ = {
			isa = XCConfigurationList;
			buildConfigurations = (
				76BC7EFA2A1CD2BA0096747F /* Debug */,
				76BC7EFB2A1CD2BA0096747F /* Release */,
			);
			defaultConfigurationIsVisible = 0;
			defaultConfigurationName = Release;
		};
		76BC7EFC2A1CD2BA0096747F /* Build configuration list for PBXNativeTarget "TouchBarScreenNavigator" */ = {
			isa = XCConfigurationList;
			buildConfigurations = (
				76BC7EFD2A1CD2BA0096747F /* Debug */,
				76BC7EFE2A1CD2BA0096747F /* Release */,
			);
			defaultConfigurationIsVisible = 0;
			defaultConfigurationName = Release;
		};
		76BC7EFF2A1CD2BA0096747F /* Build configuration list for PBXNativeTarget "TouchBarScreenNavigatorTests" */ = {
			isa = XCConfigurationList;
			buildConfigurations = (
				76BC7F002A1CD2BA0096747F /* Debug */,
				76BC7F012A1CD2BA0096747F /* Release */,
			);
			defaultConfigurationIsVisible = 0;
			defaultConfigurationName = Release;
		};
		76BC7F022A1CD2BA0096747F /* Build configuration list for PBXNativeTarget "TouchBarScreenNavigatorUITests" */ = {
			isa = XCConfigurationList;
			buildConfigurations = (
				76BC7F032A1CD2BA0096747F /* Debug */,
				76BC7F042A1CD2BA0096747F /* Release */,
			);
			defaultConfigurationIsVisible = 0;
			defaultConfigurationName = Release;
		};
/* End XCConfigurationList section */

/* Begin XCRemoteSwiftPackageReference section */
		76DEFD9A2A1E482000DAE680 /* XCRemoteSwiftPackageReference "HotKey" */ = {
			isa = XCRemoteSwiftPackageReference;
			repositoryURL = "https://github.com/soffes/HotKey";
			requirement = {
				branch = master;
				kind = branch;
			};
		};
/* End XCRemoteSwiftPackageReference section */

/* Begin XCSwiftPackageProductDependency section */
		76DEFD9B2A1E482000DAE680 /* HotKey */ = {
			isa = XCSwiftPackageProductDependency;
			package = 76DEFD9A2A1E482000DAE680 /* XCRemoteSwiftPackageReference "HotKey" */;
			productName = HotKey;
		};
/* End XCSwiftPackageProductDependency section */

/* Begin XCVersionGroup section */
		76BC7EDB2A1CD2B80096747F /* TouchBarScreenNavigator.xcdatamodeld */ = {
			isa = XCVersionGroup;
			children = (
				76BC7EDC2A1CD2B80096747F /* TouchBarScreenNavigator.xcdatamodel */,
			);
			currentVersion = 76BC7EDC2A1CD2B80096747F /* TouchBarScreenNavigator.xcdatamodel */;
			path = TouchBarScreenNavigator.xcdatamodeld;
			sourceTree = "<group>";
			versionGroupType = wrapper.xcdatamodel;
		};
/* End XCVersionGroup section */
	};
	rootObject = 76BC7ECC2A1CD2B80096747F /* Project object */;
}
